
Microsoft Visual Studio Solution File, Format Version 12.00
# Visual Studio Version 16
VisualStudioVersion = 16.0.29709.97
MinimumVisualStudioVersion = 10.0.40219.1
Project("{9A19103F-16F7-4668-BE54-9A1E7A4F7556}") = "AudSplit", "AudSplit\AudSplit.csproj", "{C01E46A9-B301-469E-94F9-0B01B20940C7}"
EndProject
Project("{9A19103F-16F7-4668-BE54-9A1E7A4F7556}") = "AudSplit_CLI", "AudSplit_CLI\AudSplit_CLI.csproj", "{1BF85970-E42D-4776-8BF5-F8C56E66AB16}"
EndProject
Global
	GlobalSection(SolutionConfigurationPlatforms) = preSolution
		Debug|Any CPU = Debug|Any CPU
		Release|Any CPU = Release|Any CPU
	EndGlobalSection
	GlobalSection(ProjectConfigurationPlatforms) = postSolution
		{C01E46A9-B301-469E-94F9-0B01B20940C7}.Debug|Any CPU.ActiveCfg = Debug|Any CPU
		{C01E46A9-B301-469E-94F9-0B01B20940C7}.Debug|Any CPU.Build.0 = Debug|Any CPU
		{C01E46A9-B301-469E-94F9-0B01B20940C7}.Release|Any CPU.ActiveCfg = Release|Any CPU
		{C01E46A9-B301-469E-94F9-0B01B20940C7}.Release|Any CPU.Build.0 = Release|Any CPU
		{1BF85970-E42D-4776-8BF5-F8C56E66AB16}.Debug|Any CPU.ActiveCfg = Debug|Any CPU
		{1BF85970-E42D-4776-8BF5-F8C56E66AB16}.Debug|Any CPU.Build.0 = Debug|Any CPU
		{1BF85970-E42D-4776-8BF5-F8C56E66AB16}.Release|Any CPU.ActiveCfg = Release|Any CPU
		{1BF85970-E42D-4776-8BF5-F8C56E66AB16}.Release|Any CPU.Build.0 = Release|Any CPU
	EndGlobalSection
	GlobalSection(SolutionProperties) = preSolution
		HideSolutionNode = FALSE
	EndGlobalSection
	GlobalSection(ExtensibilityGlobals) = postSolution
		SolutionGuid = {A6A9FCEE-0D5B-43E4-98F6-0207D8EFE7BA}
	EndGlobalSection
EndGlobal
